
Microsoft Visual Studio Solution File, Format Version 12.00
# Visual Studio 15
VisualStudioVersion = 15.0.26124.0
MinimumVisualStudioVersion = 15.0.26124.0
Project("{FAE04EC0-301F-11D3-BF4B-00C04F79EFBC}") = "Domain", "Domain\Domain.csproj", "{36B46FAD-86F8-46B4-BE69-128E4D29C6B5}"
EndProject
Project("{FAE04EC0-301F-11D3-BF4B-00C04F79EFBC}") = "API", "API\API.csproj", "{E2ABBFB9-BACA-4584-8460-E304DB4AFC59}"
EndProject
Project("{FAE04EC0-301F-11D3-BF4B-00C04F79EFBC}") = "Application", "Application\Application.csproj", "{50D926E6-A166-4BB3-9B00-3FD5D0C44B3F}"
EndProject
Project("{FAE04EC0-301F-11D3-BF4B-00C04F79EFBC}") = "Persistence", "Persistence\Persistence.csproj", "{DA04B8FE-FD15-4F28-9863-F8D85837E1EC}"
EndProject
Global
	GlobalSection(SolutionConfigurationPlatforms) = preSolution
		Debug|Any CPU = Debug|Any CPU
		Debug|x64 = Debug|x64
		Debug|x86 = Debug|x86
		Release|Any CPU = Release|Any CPU
		Release|x64 = Release|x64
		Release|x86 = Release|x86
	EndGlobalSection
	GlobalSection(SolutionProperties) = preSolution
		HideSolutionNode = FALSE
	EndGlobalSection
	GlobalSection(ProjectConfigurationPlatforms) = postSolution
		{36B46FAD-86F8-46B4-BE69-128E4D29C6B5}.Debug|Any CPU.ActiveCfg = Debug|Any CPU
		{36B46FAD-86F8-46B4-BE69-128E4D29C6B5}.Debug|Any CPU.Build.0 = Debug|Any CPU
		{36B46FAD-86F8-46B4-BE69-128E4D29C6B5}.Debug|x64.ActiveCfg = Debug|Any CPU
		{36B46FAD-86F8-46B4-BE69-128E4D29C6B5}.Debug|x64.Build.0 = Debug|Any CPU
		{36B46FAD-86F8-46B4-BE69-128E4D29C6B5}.Debug|x86.ActiveCfg = Debug|Any CPU
		{36B46FAD-86F8-46B4-BE69-128E4D29C6B5}.Debug|x86.Build.0 = Debug|Any CPU
		{36B46FAD-86F8-46B4-BE69-128E4D29C6B5}.Release|Any CPU.ActiveCfg = Release|Any CPU
		{36B46FAD-86F8-46B4-BE69-128E4D29C6B5}.Release|Any CPU.Build.0 = Release|Any CPU
		{36B46FAD-86F8-46B4-BE69-128E4D29C6B5}.Release|x64.ActiveCfg = Release|Any CPU
		{36B46FAD-86F8-46B4-BE69-128E4D29C6B5}.Release|x64.Build.0 = Release|Any CPU
		{36B46FAD-86F8-46B4-BE69-128E4D29C6B5}.Release|x86.ActiveCfg = Release|Any CPU
		{36B46FAD-86F8-46B4-BE69-128E4D29C6B5}.Release|x86.Build.0 = Release|Any CPU
		{E2ABBFB9-BACA-4584-8460-E304DB4AFC59}.Debug|Any CPU.ActiveCfg = Debug|Any CPU
		{E2ABBFB9-BACA-4584-8460-E304DB4AFC59}.Debug|Any CPU.Build.0 = Debug|Any CPU
		{E2ABBFB9-BACA-4584-8460-E304DB4AFC59}.Debug|x64.ActiveCfg = Debug|Any CPU
		{E2ABBFB9-BACA-4584-8460-E304DB4AFC59}.Debug|x64.Build.0 = Debug|Any CPU
		{E2ABBFB9-BACA-4584-8460-E304DB4AFC59}.Debug|x86.ActiveCfg = Debug|Any CPU
		{E2ABBFB9-BACA-4584-8460-E304DB4AFC59}.Debug|x86.Build.0 = Debug|Any CPU
		{E2ABBFB9-BACA-4584-8460-E304DB4AFC59}.Release|Any CPU.ActiveCfg = Release|Any CPU
		{E2ABBFB9-BACA-4584-8460-E304DB4AFC59}.Release|Any CPU.Build.0 = Release|Any CPU
		{E2ABBFB9-BACA-4584-8460-E304DB4AFC59}.Release|x64.ActiveCfg = Release|Any CPU
		{E2ABBFB9-BACA-4584-8460-E304DB4AFC59}.Release|x64.Build.0 = Release|Any CPU
		{E2ABBFB9-BACA-4584-8460-E304DB4AFC59}.Release|x86.ActiveCfg = Release|Any CPU
		{E2ABBFB9-BACA-4584-8460-E304DB4AFC59}.Release|x86.Build.0 = Release|Any CPU
		{50D926E6-A166-4BB3-9B00-3FD5D0C44B3F}.Debug|Any CPU.ActiveCfg = Debug|Any CPU
		{50D926E6-A166-4BB3-9B00-3FD5D0C44B3F}.Debug|Any CPU.Build.0 = Debug|Any CPU
		{50D926E6-A166-4BB3-9B00-3FD5D0C44B3F}.Debug|x64.ActiveCfg = Debug|Any CPU
		{50D926E6-A166-4BB3-9B00-3FD5D0C44B3F}.Debug|x64.Build.0 = Debug|Any CPU
		{50D926E6-A166-4BB3-9B00-3FD5D0C44B3F}.Debug|x86.ActiveCfg = Debug|Any CPU
		{50D926E6-A166-4BB3-9B00-3FD5D0C44B3F}.Debug|x86.Build.0 = Debug|Any CPU
		{50D926E6-A166-4BB3-9B00-3FD5D0C44B3F}.Release|Any CPU.ActiveCfg = Release|Any CPU
		{50D926E6-A166-4BB3-9B00-3FD5D0C44B3F}.Release|Any CPU.Build.0 = Release|Any CPU
		{50D926E6-A166-4BB3-9B00-3FD5D0C44B3F}.Release|x64.ActiveCfg = Release|Any CPU
		{50D926E6-A166-4BB3-9B00-3FD5D0C44B3F}.Release|x64.Build.0 = Release|Any CPU
		{50D926E6-A166-4BB3-9B00-3FD5D0C44B3F}.Release|x86.ActiveCfg = Release|Any CPU
		{50D926E6-A166-4BB3-9B00-3FD5D0C44B3F}.Release|x86.Build.0 = Release|Any CPU
		{DA04B8FE-FD15-4F28-9863-F8D85837E1EC}.Debug|Any CPU.ActiveCfg = Debug|Any CPU
		{DA04B8FE-FD15-4F28-9863-F8D85837E1EC}.Debug|Any CPU.Build.0 = Debug|Any CPU
		{DA04B8FE-FD15-4F28-9863-F8D85837E1EC}.Debug|x64.ActiveCfg = Debug|Any CPU
		{DA04B8FE-FD15-4F28-9863-F8D85837E1EC}.Debug|x64.Build.0 = Debug|Any CPU
		{DA04B8FE-FD15-4F28-9863-F8D85837E1EC}.Debug|x86.ActiveCfg = Debug|Any CPU
		{DA04B8FE-FD15-4F28-9863-F8D85837E1EC}.Debug|x86.Build.0 = Debug|Any CPU
		{DA04B8FE-FD15-4F28-9863-F8D85837E1EC}.Release|Any CPU.ActiveCfg = Release|Any CPU
		{DA04B8FE-FD15-4F28-9863-F8D85837E1EC}.Release|Any CPU.Build.0 = Release|Any CPU
		{DA04B8FE-FD15-4F28-9863-F8D85837E1EC}.Release|x64.ActiveCfg = Release|Any CPU
		{DA04B8FE-FD15-4F28-9863-F8D85837E1EC}.Release|x64.Build.0 = Release|Any CPU
		{DA04B8FE-FD15-4F28-9863-F8D85837E1EC}.Release|x86.ActiveCfg = Release|Any CPU
		{DA04B8FE-FD15-4F28-9863-F8D85837E1EC}.Release|x86.Build.0 = Release|Any CPU
	EndGlobalSection
EndGlobal
